// !$*UTF8*$!
{
	archiveVersion = 1;
	classes = {
	};
	objectVersion = 46;
	objects = {

/* Begin PBXBuildFile section */
		2C53E10C1EB7A5BF00963D20 /* NYTUrl.swift in Sources */ = {isa = PBXBuildFile; fileRef = 2C53E10B1EB7A5BF00963D20 /* NYTUrl.swift */; };
		2C53E10E1EB7A60500963D20 /* NYTBestSellerCV.swift in Sources */ = {isa = PBXBuildFile; fileRef = 2C53E10D1EB7A60500963D20 /* NYTBestSellerCV.swift */; };
		2C53E1101EB7A61300963D20 /* NYTBestSellerModel.swift in Sources */ = {isa = PBXBuildFile; fileRef = 2C53E10F1EB7A61300963D20 /* NYTBestSellerModel.swift */; };
		2C53E1151EB7A6A900963D20 /* ProfileVC.swift in Sources */ = {isa = PBXBuildFile; fileRef = 2C53E1111EB7A6A900963D20 /* ProfileVC.swift */; };
		2C53E1161EB7A6A900963D20 /* HomeVC.swift in Sources */ = {isa = PBXBuildFile; fileRef = 2C53E1121EB7A6A900963D20 /* HomeVC.swift */; };
		2C53E1171EB7A6A900963D20 /* BrowseBookVC.swift in Sources */ = {isa = PBXBuildFile; fileRef = 2C53E1131EB7A6A900963D20 /* BrowseBookVC.swift */; };
		2C53E1181EB7A6A900963D20 /* NYTBestSellerVC.swift in Sources */ = {isa = PBXBuildFile; fileRef = 2C53E1141EB7A6A900963D20 /* NYTBestSellerVC.swift */; };
		2C9DD6731EB8D8C600F7502C /* category.json in Resources */ = {isa = PBXBuildFile; fileRef = 2C9DD6721EB8D8C600F7502C /* category.json */; };
		2C9DD6751EB8D8D700F7502C /* NYTimeBestSeller.json in Resources */ = {isa = PBXBuildFile; fileRef = 2C9DD6741EB8D8D700F7502C /* NYTimeBestSeller.json */; };
		2C9DD6771EB908BA00F7502C /* NYTBookFavoriteVC.swift in Sources */ = {isa = PBXBuildFile; fileRef = 2C9DD6761EB908BA00F7502C /* NYTBookFavoriteVC.swift */; };
		2C9DD6791EB9098600F7502C /* NYTBookFavoriteCV.swift in Sources */ = {isa = PBXBuildFile; fileRef = 2C9DD6781EB9098600F7502C /* NYTBookFavoriteCV.swift */; };
		350579941EBE5DA200C285B8 /* NYTCategory.swift in Sources */ = {isa = PBXBuildFile; fileRef = 350579931EBE5DA200C285B8 /* NYTCategory.swift */; };
		35A674591EBD63B9002457B5 /* NYTTabBarController.swift in Sources */ = {isa = PBXBuildFile; fileRef = 35A674581EBD63B9002457B5 /* NYTTabBarController.swift */; };
		41119C811EB10E3C006D059B /* pictures in Resources */ = {isa = PBXBuildFile; fileRef = 41119C801EB10E3C006D059B /* pictures */; };
		41119C831EB11483006D059B /* ProfileViewController.swift in Sources */ = {isa = PBXBuildFile; fileRef = 41119C821EB11483006D059B /* ProfileViewController.swift */; };
		4162AD801EB5114A00AA8D3B /* MyBookCollectiveView.swift in Sources */ = {isa = PBXBuildFile; fileRef = 4162AD7F1EB5114A00AA8D3B /* MyBookCollectiveView.swift */; };
		4162AD821EB511AA00AA8D3B /* MyBookListView.swift in Sources */ = {isa = PBXBuildFile; fileRef = 4162AD811EB511AA00AA8D3B /* MyBookListView.swift */; };
		4162AD841EB511EF00AA8D3B /* MyBookViewController.swift in Sources */ = {isa = PBXBuildFile; fileRef = 4162AD831EB511EF00AA8D3B /* MyBookViewController.swift */; };
		4188DC741EB6751600D969B1 /* ListViewTableViewController.swift in Sources */ = {isa = PBXBuildFile; fileRef = 4188DC731EB6751600D969B1 /* ListViewTableViewController.swift */; };
		41CBAD1A1EB14C070032F573 /* ListViewTableViewCell.swift in Sources */ = {isa = PBXBuildFile; fileRef = 41CBAD191EB14C070032F573 /* ListViewTableViewCell.swift */; };
		41CBAD1E1EB14D1E0032F573 /* ListViewTableView.swift in Sources */ = {isa = PBXBuildFile; fileRef = 41CBAD1D1EB14D1E0032F573 /* ListViewTableView.swift */; };
		8490C2EA1EB92664004A3390 /* EditFavoriteCategoriesViewController.swift in Sources */ = {isa = PBXBuildFile; fileRef = 8490C2E91EB92664004A3390 /* EditFavoriteCategoriesViewController.swift */; };
		8490C2EC1EB92C07004A3390 /* EditProfileViewController.swift in Sources */ = {isa = PBXBuildFile; fileRef = 8490C2EB1EB92C07004A3390 /* EditProfileViewController.swift */; };
		84AC5E6F1EBD2A4100930CEE /* MainTabBarController.swift in Sources */ = {isa = PBXBuildFile; fileRef = 84AC5E6E1EBD2A4100930CEE /* MainTabBarController.swift */; };
		84CF15681EAD9ED500C49414 /* AppDelegate.swift in Sources */ = {isa = PBXBuildFile; fileRef = 84CF15671EAD9ED500C49414 /* AppDelegate.swift */; };
		84CF156A1EAD9ED500C49414 /* ViewController.swift in Sources */ = {isa = PBXBuildFile; fileRef = 84CF15691EAD9ED500C49414 /* ViewController.swift */; };
		84CF156D1EAD9ED500C49414 /* Main.storyboard in Resources */ = {isa = PBXBuildFile; fileRef = 84CF156B1EAD9ED500C49414 /* Main.storyboard */; };
		84CF15701EAD9ED500C49414 /* Bookmark.xcdatamodeld in Sources */ = {isa = PBXBuildFile; fileRef = 84CF156E1EAD9ED500C49414 /* Bookmark.xcdatamodeld */; };
		84CF15721EAD9ED500C49414 /* Assets.xcassets in Resources */ = {isa = PBXBuildFile; fileRef = 84CF15711EAD9ED500C49414 /* Assets.xcassets */; };
		84CF15751EAD9ED500C49414 /* LaunchScreen.storyboard in Resources */ = {isa = PBXBuildFile; fileRef = 84CF15731EAD9ED500C49414 /* LaunchScreen.storyboard */; };
		84CF15801EAD9ED500C49414 /* BookmarkTests.swift in Sources */ = {isa = PBXBuildFile; fileRef = 84CF157F1EAD9ED500C49414 /* BookmarkTests.swift */; };
		84CF158B1EAD9ED500C49414 /* BookmarkUITests.swift in Sources */ = {isa = PBXBuildFile; fileRef = 84CF158A1EAD9ED500C49414 /* BookmarkUITests.swift */; };
		84D183BD1EBEA43A003D3ABE /* FavoriteCategory+CoreDataClass.swift in Sources */ = {isa = PBXBuildFile; fileRef = 84D183B71EBEA43A003D3ABE /* FavoriteCategory+CoreDataClass.swift */; };
		84D183BE1EBEA43A003D3ABE /* FavoriteCategory+CoreDataProperties.swift in Sources */ = {isa = PBXBuildFile; fileRef = 84D183B81EBEA43A003D3ABE /* FavoriteCategory+CoreDataProperties.swift */; };
		84D183BF1EBEA43A003D3ABE /* FavoriteBook+CoreDataClass.swift in Sources */ = {isa = PBXBuildFile; fileRef = 84D183B91EBEA43A003D3ABE /* FavoriteBook+CoreDataClass.swift */; };
		84D183C01EBEA43A003D3ABE /* FavoriteBook+CoreDataProperties.swift in Sources */ = {isa = PBXBuildFile; fileRef = 84D183BA1EBEA43A003D3ABE /* FavoriteBook+CoreDataProperties.swift */; };
		84D183C11EBEA43A003D3ABE /* Profile+CoreDataClass.swift in Sources */ = {isa = PBXBuildFile; fileRef = 84D183BB1EBEA43A003D3ABE /* Profile+CoreDataClass.swift */; };
		84D183C21EBEA43A003D3ABE /* Profile+CoreDataProperties.swift in Sources */ = {isa = PBXBuildFile; fileRef = 84D183BC1EBEA43A003D3ABE /* Profile+CoreDataProperties.swift */; };
/* End PBXBuildFile section */

/* Begin PBXContainerItemProxy section */
		84CF157C1EAD9ED500C49414 /* PBXContainerItemProxy */ = {
			isa = PBXContainerItemProxy;
			containerPortal = 84CF155C1EAD9ED500C49414 /* Project object */;
			proxyType = 1;
			remoteGlobalIDString = 84CF15631EAD9ED500C49414;
			remoteInfo = Bookmark;
		};
		84CF15871EAD9ED500C49414 /* PBXContainerItemProxy */ = {
			isa = PBXContainerItemProxy;
			containerPortal = 84CF155C1EAD9ED500C49414 /* Project object */;
			proxyType = 1;
			remoteGlobalIDString = 84CF15631EAD9ED500C49414;
			remoteInfo = Bookmark;
		};
/* End PBXContainerItemProxy section */

/* Begin PBXFileReference section */
		2C53E10B1EB7A5BF00963D20 /* NYTUrl.swift */ = {isa = PBXFileReference; fileEncoding = 4; lastKnownFileType = sourcecode.swift; path = NYTUrl.swift; sourceTree = "<group>"; };
		2C53E10D1EB7A60500963D20 /* NYTBestSellerCV.swift */ = {isa = PBXFileReference; fileEncoding = 4; lastKnownFileType = sourcecode.swift; path = NYTBestSellerCV.swift; sourceTree = "<group>"; };
		2C53E10F1EB7A61300963D20 /* NYTBestSellerModel.swift */ = {isa = PBXFileReference; fileEncoding = 4; lastKnownFileType = sourcecode.swift; path = NYTBestSellerModel.swift; sourceTree = "<group>"; };
		2C53E1111EB7A6A900963D20 /* ProfileVC.swift */ = {isa = PBXFileReference; fileEncoding = 4; lastKnownFileType = sourcecode.swift; path = ProfileVC.swift; sourceTree = "<group>"; };
		2C53E1121EB7A6A900963D20 /* HomeVC.swift */ = {isa = PBXFileReference; fileEncoding = 4; lastKnownFileType = sourcecode.swift; path = HomeVC.swift; sourceTree = "<group>"; };
		2C53E1131EB7A6A900963D20 /* BrowseBookVC.swift */ = {isa = PBXFileReference; fileEncoding = 4; lastKnownFileType = sourcecode.swift; path = BrowseBookVC.swift; sourceTree = "<group>"; };
		2C53E1141EB7A6A900963D20 /* NYTBestSellerVC.swift */ = {isa = PBXFileReference; fileEncoding = 4; lastKnownFileType = sourcecode.swift; path = NYTBestSellerVC.swift; sourceTree = "<group>"; };
		2C9DD6721EB8D8C600F7502C /* category.json */ = {isa = PBXFileReference; fileEncoding = 4; lastKnownFileType = text.json; path = category.json; sourceTree = "<group>"; };
		2C9DD6741EB8D8D700F7502C /* NYTimeBestSeller.json */ = {isa = PBXFileReference; fileEncoding = 4; lastKnownFileType = text.json; path = NYTimeBestSeller.json; sourceTree = "<group>"; };
		2C9DD6761EB908BA00F7502C /* NYTBookFavoriteVC.swift */ = {isa = PBXFileReference; fileEncoding = 4; lastKnownFileType = sourcecode.swift; path = NYTBookFavoriteVC.swift; sourceTree = "<group>"; };
		2C9DD6781EB9098600F7502C /* NYTBookFavoriteCV.swift */ = {isa = PBXFileReference; fileEncoding = 4; lastKnownFileType = sourcecode.swift; path = NYTBookFavoriteCV.swift; sourceTree = "<group>"; };
		350579931EBE5DA200C285B8 /* NYTCategory.swift */ = {isa = PBXFileReference; fileEncoding = 4; lastKnownFileType = sourcecode.swift; path = NYTCategory.swift; sourceTree = "<group>"; };
		35A674581EBD63B9002457B5 /* NYTTabBarController.swift */ = {isa = PBXFileReference; fileEncoding = 4; lastKnownFileType = sourcecode.swift; path = NYTTabBarController.swift; sourceTree = "<group>"; };
		41119C801EB10E3C006D059B /* pictures */ = {isa = PBXFileReference; lastKnownFileType = folder; path = pictures; sourceTree = "<group>"; };
		41119C821EB11483006D059B /* ProfileViewController.swift */ = {isa = PBXFileReference; fileEncoding = 4; lastKnownFileType = sourcecode.swift; path = ProfileViewController.swift; sourceTree = "<group>"; };
		4162AD7F1EB5114A00AA8D3B /* MyBookCollectiveView.swift */ = {isa = PBXFileReference; fileEncoding = 4; lastKnownFileType = sourcecode.swift; name = MyBookCollectiveView.swift; path = Bookmark/MyBookCollectiveView.swift; sourceTree = "<group>"; };
		4162AD811EB511AA00AA8D3B /* MyBookListView.swift */ = {isa = PBXFileReference; fileEncoding = 4; lastKnownFileType = sourcecode.swift; name = MyBookListView.swift; path = Bookmark/MyBookListView.swift; sourceTree = "<group>"; };
		4162AD831EB511EF00AA8D3B /* MyBookViewController.swift */ = {isa = PBXFileReference; fileEncoding = 4; lastKnownFileType = sourcecode.swift; name = MyBookViewController.swift; path = Bookmark/MyBookViewController.swift; sourceTree = "<group>"; };
		4188DC731EB6751600D969B1 /* ListViewTableViewController.swift */ = {isa = PBXFileReference; fileEncoding = 4; lastKnownFileType = sourcecode.swift; name = ListViewTableViewController.swift; path = Bookmark/ListViewTableViewController.swift; sourceTree = "<group>"; };
		41CBAD191EB14C070032F573 /* ListViewTableViewCell.swift */ = {isa = PBXFileReference; fileEncoding = 4; lastKnownFileType = sourcecode.swift; name = ListViewTableViewCell.swift; path = Bookmark/ListViewTableViewCell.swift; sourceTree = "<group>"; };
		41CBAD1D1EB14D1E0032F573 /* ListViewTableView.swift */ = {isa = PBXFileReference; fileEncoding = 4; lastKnownFileType = sourcecode.swift; name = ListViewTableView.swift; path = Bookmark/ListViewTableView.swift; sourceTree = "<group>"; };
		8490C2E91EB92664004A3390 /* EditFavoriteCategoriesViewController.swift */ = {isa = PBXFileReference; fileEncoding = 4; lastKnownFileType = sourcecode.swift; path = EditFavoriteCategoriesViewController.swift; sourceTree = "<group>"; };
		8490C2EB1EB92C07004A3390 /* EditProfileViewController.swift */ = {isa = PBXFileReference; fileEncoding = 4; lastKnownFileType = sourcecode.swift; path = EditProfileViewController.swift; sourceTree = "<group>"; };
		84AC5E6E1EBD2A4100930CEE /* MainTabBarController.swift */ = {isa = PBXFileReference; fileEncoding = 4; lastKnownFileType = sourcecode.swift; path = MainTabBarController.swift; sourceTree = "<group>"; };
		84CF15641EAD9ED500C49414 /* Bookmark.app */ = {isa = PBXFileReference; explicitFileType = wrapper.application; includeInIndex = 0; path = Bookmark.app; sourceTree = BUILT_PRODUCTS_DIR; };
		84CF15671EAD9ED500C49414 /* AppDelegate.swift */ = {isa = PBXFileReference; lastKnownFileType = sourcecode.swift; path = AppDelegate.swift; sourceTree = "<group>"; };
		84CF15691EAD9ED500C49414 /* ViewController.swift */ = {isa = PBXFileReference; lastKnownFileType = sourcecode.swift; path = ViewController.swift; sourceTree = "<group>"; };
		84CF156C1EAD9ED500C49414 /* Base */ = {isa = PBXFileReference; lastKnownFileType = file.storyboard; name = Base; path = Base.lproj/Main.storyboard; sourceTree = "<group>"; };
		84CF156F1EAD9ED500C49414 /* Bookmark.xcdatamodel */ = {isa = PBXFileReference; lastKnownFileType = wrapper.xcdatamodel; path = Bookmark.xcdatamodel; sourceTree = "<group>"; };
		84CF15711EAD9ED500C49414 /* Assets.xcassets */ = {isa = PBXFileReference; lastKnownFileType = folder.assetcatalog; path = Assets.xcassets; sourceTree = "<group>"; };
		84CF15741EAD9ED500C49414 /* Base */ = {isa = PBXFileReference; lastKnownFileType = file.storyboard; name = Base; path = Base.lproj/LaunchScreen.storyboard; sourceTree = "<group>"; };
		84CF15761EAD9ED500C49414 /* Info.plist */ = {isa = PBXFileReference; lastKnownFileType = text.plist.xml; path = Info.plist; sourceTree = "<group>"; };
		84CF157B1EAD9ED500C49414 /* BookmarkTests.xctest */ = {isa = PBXFileReference; explicitFileType = wrapper.cfbundle; includeInIndex = 0; path = BookmarkTests.xctest; sourceTree = BUILT_PRODUCTS_DIR; };
		84CF157F1EAD9ED500C49414 /* BookmarkTests.swift */ = {isa = PBXFileReference; lastKnownFileType = sourcecode.swift; path = BookmarkTests.swift; sourceTree = "<group>"; };
		84CF15811EAD9ED500C49414 /* Info.plist */ = {isa = PBXFileReference; lastKnownFileType = text.plist.xml; path = Info.plist; sourceTree = "<group>"; };
		84CF15861EAD9ED500C49414 /* BookmarkUITests.xctest */ = {isa = PBXFileReference; explicitFileType = wrapper.cfbundle; includeInIndex = 0; path = BookmarkUITests.xctest; sourceTree = BUILT_PRODUCTS_DIR; };
		84CF158A1EAD9ED500C49414 /* BookmarkUITests.swift */ = {isa = PBXFileReference; lastKnownFileType = sourcecode.swift; path = BookmarkUITests.swift; sourceTree = "<group>"; };
		84CF158C1EAD9ED500C49414 /* Info.plist */ = {isa = PBXFileReference; lastKnownFileType = text.plist.xml; path = Info.plist; sourceTree = "<group>"; };
		84D183B71EBEA43A003D3ABE /* FavoriteCategory+CoreDataClass.swift */ = {isa = PBXFileReference; fileEncoding = 4; lastKnownFileType = sourcecode.swift; path = "FavoriteCategory+CoreDataClass.swift"; sourceTree = "<group>"; };
		84D183B81EBEA43A003D3ABE /* FavoriteCategory+CoreDataProperties.swift */ = {isa = PBXFileReference; fileEncoding = 4; lastKnownFileType = sourcecode.swift; path = "FavoriteCategory+CoreDataProperties.swift"; sourceTree = "<group>"; };
		84D183B91EBEA43A003D3ABE /* FavoriteBook+CoreDataClass.swift */ = {isa = PBXFileReference; fileEncoding = 4; lastKnownFileType = sourcecode.swift; path = "FavoriteBook+CoreDataClass.swift"; sourceTree = "<group>"; };
		84D183BA1EBEA43A003D3ABE /* FavoriteBook+CoreDataProperties.swift */ = {isa = PBXFileReference; fileEncoding = 4; lastKnownFileType = sourcecode.swift; path = "FavoriteBook+CoreDataProperties.swift"; sourceTree = "<group>"; };
		84D183BB1EBEA43A003D3ABE /* Profile+CoreDataClass.swift */ = {isa = PBXFileReference; fileEncoding = 4; lastKnownFileType = sourcecode.swift; path = "Profile+CoreDataClass.swift"; sourceTree = "<group>"; };
		84D183BC1EBEA43A003D3ABE /* Profile+CoreDataProperties.swift */ = {isa = PBXFileReference; fileEncoding = 4; lastKnownFileType = sourcecode.swift; path = "Profile+CoreDataProperties.swift"; sourceTree = "<group>"; };
/* End PBXFileReference section */

/* Begin PBXFrameworksBuildPhase section */
		84CF15611EAD9ED500C49414 /* Frameworks */ = {
			isa = PBXFrameworksBuildPhase;
			buildActionMask = 2147483647;
			files = (
			);
			runOnlyForDeploymentPostprocessing = 0;
		};
		84CF15781EAD9ED500C49414 /* Frameworks */ = {
			isa = PBXFrameworksBuildPhase;
			buildActionMask = 2147483647;
			files = (
			);
			runOnlyForDeploymentPostprocessing = 0;
		};
		84CF15831EAD9ED500C49414 /* Frameworks */ = {
			isa = PBXFrameworksBuildPhase;
			buildActionMask = 2147483647;
			files = (
			);
			runOnlyForDeploymentPostprocessing = 0;
		};
/* End PBXFrameworksBuildPhase section */

/* Begin PBXGroup section */
		2C53E1071EB7A58D00963D20 /* Singleton */ = {
			isa = PBXGroup;
			children = (
				2C53E10B1EB7A5BF00963D20 /* NYTUrl.swift */,
			);
			name = Singleton;
			path = ..;
			sourceTree = "<group>";
		};
		2C53E1081EB7A59600963D20 /* Model */ = {
			isa = PBXGroup;
			children = (
				84CF156E1EAD9ED500C49414 /* Bookmark.xcdatamodeld */,
				84D183B71EBEA43A003D3ABE /* FavoriteCategory+CoreDataClass.swift */,
				84D183B81EBEA43A003D3ABE /* FavoriteCategory+CoreDataProperties.swift */,
				84D183B91EBEA43A003D3ABE /* FavoriteBook+CoreDataClass.swift */,
				84D183BA1EBEA43A003D3ABE /* FavoriteBook+CoreDataProperties.swift */,
				84D183BB1EBEA43A003D3ABE /* Profile+CoreDataClass.swift */,
				84D183BC1EBEA43A003D3ABE /* Profile+CoreDataProperties.swift */,
				2C53E10F1EB7A61300963D20 /* NYTBestSellerModel.swift */,
				350579931EBE5DA200C285B8 /* NYTCategory.swift */,
			);
			name = Model;
			path = ..;
			sourceTree = "<group>";
		};
		2C53E1091EB7A59F00963D20 /* View */ = {
			isa = PBXGroup;
			children = (
				4162AD7F1EB5114A00AA8D3B /* MyBookCollectiveView.swift */,
				4162AD811EB511AA00AA8D3B /* MyBookListView.swift */,
				41CBAD191EB14C070032F573 /* ListViewTableViewCell.swift */,
				4188DC731EB6751600D969B1 /* ListViewTableViewController.swift */,
				41CBAD1D1EB14D1E0032F573 /* ListViewTableView.swift */,
				2C53E10D1EB7A60500963D20 /* NYTBestSellerCV.swift */,
				2C9DD6781EB9098600F7502C /* NYTBookFavoriteCV.swift */,
			);
			name = View;
			path = ..;
			sourceTree = "<group>";
		};
		2C53E10A1EB7A5A700963D20 /* Controller */ = {
			isa = PBXGroup;
			children = (
				4162AD831EB511EF00AA8D3B /* MyBookViewController.swift */,
				2C53E1111EB7A6A900963D20 /* ProfileVC.swift */,
				2C53E1121EB7A6A900963D20 /* HomeVC.swift */,
				2C53E1131EB7A6A900963D20 /* BrowseBookVC.swift */,
				2C53E1141EB7A6A900963D20 /* NYTBestSellerVC.swift */,
				2C9DD6761EB908BA00F7502C /* NYTBookFavoriteVC.swift */,
				35A674581EBD63B9002457B5 /* NYTTabBarController.swift */,
			);
			name = Controller;
			path = ..;
			sourceTree = "<group>";
		};
		2C9DD66F1EB8D81B00F7502C /* JSON */ = {
			isa = PBXGroup;
			children = (
				2C9DD6721EB8D8C600F7502C /* category.json */,
				2C9DD6741EB8D8D700F7502C /* NYTimeBestSeller.json */,
			);
			name = JSON;
			path = ..;
			sourceTree = "<group>";
		};
		84CF155B1EAD9ED500C49414 = {
			isa = PBXGroup;
			children = (
				84CF15661EAD9ED500C49414 /* Bookmark */,
				84CF157E1EAD9ED500C49414 /* BookmarkTests */,
				84CF15891EAD9ED500C49414 /* BookmarkUITests */,
				84CF15651EAD9ED500C49414 /* Products */,
			);
			sourceTree = "<group>";
		};
		84CF15651EAD9ED500C49414 /* Products */ = {
			isa = PBXGroup;
			children = (
				84CF15641EAD9ED500C49414 /* Bookmark.app */,
				84CF157B1EAD9ED500C49414 /* BookmarkTests.xctest */,
				84CF15861EAD9ED500C49414 /* BookmarkUITests.xctest */,
			);
			name = Products;
			sourceTree = "<group>";
		};
		84CF15661EAD9ED500C49414 /* Bookmark */ = {
			isa = PBXGroup;
			children = (
				2C9DD66F1EB8D81B00F7502C /* JSON */,
				2C53E10A1EB7A5A700963D20 /* Controller */,
				2C53E1091EB7A59F00963D20 /* View */,
				2C53E1081EB7A59600963D20 /* Model */,
				2C53E1071EB7A58D00963D20 /* Singleton */,
				84CF15671EAD9ED500C49414 /* AppDelegate.swift */,
				84CF15691EAD9ED500C49414 /* ViewController.swift */,
				84CF156B1EAD9ED500C49414 /* Main.storyboard */,
				84CF15731EAD9ED500C49414 /* LaunchScreen.storyboard */,
				84CF15711EAD9ED500C49414 /* Assets.xcassets */,
				41119C801EB10E3C006D059B /* pictures */,
				84CF15761EAD9ED500C49414 /* Info.plist */,
				41119C821EB11483006D059B /* ProfileViewController.swift */,
				8490C2E91EB92664004A3390 /* EditFavoriteCategoriesViewController.swift */,
				8490C2EB1EB92C07004A3390 /* EditProfileViewController.swift */,
				84AC5E6E1EBD2A4100930CEE /* MainTabBarController.swift */,
			);
			path = Bookmark;
			sourceTree = "<group>";
		};
		84CF157E1EAD9ED500C49414 /* BookmarkTests */ = {
			isa = PBXGroup;
			children = (
				84CF157F1EAD9ED500C49414 /* BookmarkTests.swift */,
				84CF15811EAD9ED500C49414 /* Info.plist */,
			);
			path = BookmarkTests;
			sourceTree = "<group>";
		};
		84CF15891EAD9ED500C49414 /* BookmarkUITests */ = {
			isa = PBXGroup;
			children = (
				84CF158A1EAD9ED500C49414 /* BookmarkUITests.swift */,
				84CF158C1EAD9ED500C49414 /* Info.plist */,
			);
			path = BookmarkUITests;
			sourceTree = "<group>";
		};
/* End PBXGroup section */

/* Begin PBXNativeTarget section */
		84CF15631EAD9ED500C49414 /* Bookmark */ = {
			isa = PBXNativeTarget;
			buildConfigurationList = 84CF158F1EAD9ED500C49414 /* Build configuration list for PBXNativeTarget "Bookmark" */;
			buildPhases = (
				84CF15601EAD9ED500C49414 /* Sources */,
				84CF15611EAD9ED500C49414 /* Frameworks */,
				84CF15621EAD9ED500C49414 /* Resources */,
			);
			buildRules = (
			);
			dependencies = (
			);
			name = Bookmark;
			productName = Bookmark;
			productReference = 84CF15641EAD9ED500C49414 /* Bookmark.app */;
			productType = "com.apple.product-type.application";
		};
		84CF157A1EAD9ED500C49414 /* BookmarkTests */ = {
			isa = PBXNativeTarget;
			buildConfigurationList = 84CF15921EAD9ED500C49414 /* Build configuration list for PBXNativeTarget "BookmarkTests" */;
			buildPhases = (
				8B7EDFC8754DC55FB9F3A4E7 /* [CP] Check Pods Manifest.lock */,
				84CF15771EAD9ED500C49414 /* Sources */,
				84CF15781EAD9ED500C49414 /* Frameworks */,
				84CF15791EAD9ED500C49414 /* Resources */,
				AC21F3D944A5ACB1A8339023 /* [CP] Embed Pods Frameworks */,
				EFF5D5AE0D4159F8E947D193 /* [CP] Copy Pods Resources */,
			);
			buildRules = (
			);
			dependencies = (
				84CF157D1EAD9ED500C49414 /* PBXTargetDependency */,
			);
			name = BookmarkTests;
			productName = BookmarkTests;
			productReference = 84CF157B1EAD9ED500C49414 /* BookmarkTests.xctest */;
			productType = "com.apple.product-type.bundle.unit-test";
		};
		84CF15851EAD9ED500C49414 /* BookmarkUITests */ = {
			isa = PBXNativeTarget;
			buildConfigurationList = 84CF15951EAD9ED500C49414 /* Build configuration list for PBXNativeTarget "BookmarkUITests" */;
			buildPhases = (
				81C721CB5E12B216BB7C1BD0 /* [CP] Check Pods Manifest.lock */,
				84CF15821EAD9ED500C49414 /* Sources */,
				84CF15831EAD9ED500C49414 /* Frameworks */,
				84CF15841EAD9ED500C49414 /* Resources */,
				8966AA2B2E9BE0A8A9F47EAE /* [CP] Embed Pods Frameworks */,
				A00E227C846210E153C1714A /* [CP] Copy Pods Resources */,
			);
			buildRules = (
			);
			dependencies = (
				84CF15881EAD9ED500C49414 /* PBXTargetDependency */,
			);
			name = BookmarkUITests;
			productName = BookmarkUITests;
			productReference = 84CF15861EAD9ED500C49414 /* BookmarkUITests.xctest */;
			productType = "com.apple.product-type.bundle.ui-testing";
		};
/* End PBXNativeTarget section */

/* Begin PBXProject section */
		84CF155C1EAD9ED500C49414 /* Project object */ = {
			isa = PBXProject;
			attributes = {
				LastSwiftUpdateCheck = 0830;
				LastUpgradeCheck = 0830;
				ORGANIZATIONNAME = "Fink, Robert";
				TargetAttributes = {
					84CF15631EAD9ED500C49414 = {
						CreatedOnToolsVersion = 8.3.2;
						ProvisioningStyle = Automatic;
					};
					84CF157A1EAD9ED500C49414 = {
						CreatedOnToolsVersion = 8.3.2;
						ProvisioningStyle = Automatic;
						TestTargetID = 84CF15631EAD9ED500C49414;
					};
					84CF15851EAD9ED500C49414 = {
						CreatedOnToolsVersion = 8.3.2;
						ProvisioningStyle = Automatic;
						TestTargetID = 84CF15631EAD9ED500C49414;
					};
				};
			};
			buildConfigurationList = 84CF155F1EAD9ED500C49414 /* Build configuration list for PBXProject "Bookmark" */;
			compatibilityVersion = "Xcode 3.2";
			developmentRegion = English;
			hasScannedForEncodings = 0;
			knownRegions = (
				en,
				Base,
			);
			mainGroup = 84CF155B1EAD9ED500C49414;
			productRefGroup = 84CF15651EAD9ED500C49414 /* Products */;
			projectDirPath = "";
			projectRoot = "";
			targets = (
				84CF15631EAD9ED500C49414 /* Bookmark */,
				84CF157A1EAD9ED500C49414 /* BookmarkTests */,
				84CF15851EAD9ED500C49414 /* BookmarkUITests */,
			);
		};
/* End PBXProject section */

/* Begin PBXResourcesBuildPhase section */
		84CF15621EAD9ED500C49414 /* Resources */ = {
			isa = PBXResourcesBuildPhase;
			buildActionMask = 2147483647;
			files = (
				84CF15751EAD9ED500C49414 /* LaunchScreen.storyboard in Resources */,
				84CF15721EAD9ED500C49414 /* Assets.xcassets in Resources */,
				2C9DD6731EB8D8C600F7502C /* category.json in Resources */,
				84CF156D1EAD9ED500C49414 /* Main.storyboard in Resources */,
				2C9DD6751EB8D8D700F7502C /* NYTimeBestSeller.json in Resources */,
				41119C811EB10E3C006D059B /* pictures in Resources */,
			);
			runOnlyForDeploymentPostprocessing = 0;
		};
		84CF15791EAD9ED500C49414 /* Resources */ = {
			isa = PBXResourcesBuildPhase;
			buildActionMask = 2147483647;
			files = (
			);
			runOnlyForDeploymentPostprocessing = 0;
		};
		84CF15841EAD9ED500C49414 /* Resources */ = {
			isa = PBXResourcesBuildPhase;
			buildActionMask = 2147483647;
			files = (
			);
			runOnlyForDeploymentPostprocessing = 0;
		};
/* End PBXResourcesBuildPhase section */

/* Begin PBXShellScriptBuildPhase section */
		81C721CB5E12B216BB7C1BD0 /* [CP] Check Pods Manifest.lock */ = {
			isa = PBXShellScriptBuildPhase;
			buildActionMask = 2147483647;
			files = (
			);
			inputPaths = (
			);
			name = "[CP] Check Pods Manifest.lock";
			outputPaths = (
			);
			runOnlyForDeploymentPostprocessing = 0;
			shellPath = /bin/sh;
			shellScript = "diff \"${PODS_ROOT}/../Podfile.lock\" \"${PODS_ROOT}/Manifest.lock\" > /dev/null\nif [ $? != 0 ] ; then\n    # print error to STDERR\n    echo \"error: The sandbox is not in sync with the Podfile.lock. Run 'pod install' or update your CocoaPods installation.\" >&2\n    exit 1\nfi\n";
			showEnvVarsInLog = 0;
		};
		8966AA2B2E9BE0A8A9F47EAE /* [CP] Embed Pods Frameworks */ = {
			isa = PBXShellScriptBuildPhase;
			buildActionMask = 2147483647;
			files = (
			);
			inputPaths = (
			);
			name = "[CP] Embed Pods Frameworks";
			outputPaths = (
			);
			runOnlyForDeploymentPostprocessing = 0;
			shellPath = /bin/sh;
			shellScript = "\"${SRCROOT}/Pods/Target Support Files/Pods-BookmarkUITests/Pods-BookmarkUITests-frameworks.sh\"\n";
			showEnvVarsInLog = 0;
		};
		8B7EDFC8754DC55FB9F3A4E7 /* [CP] Check Pods Manifest.lock */ = {
			isa = PBXShellScriptBuildPhase;
			buildActionMask = 2147483647;
			files = (
			);
			inputPaths = (
			);
			name = "[CP] Check Pods Manifest.lock";
			outputPaths = (
			);
			runOnlyForDeploymentPostprocessing = 0;
			shellPath = /bin/sh;
			shellScript = "diff \"${PODS_ROOT}/../Podfile.lock\" \"${PODS_ROOT}/Manifest.lock\" > /dev/null\nif [ $? != 0 ] ; then\n    # print error to STDERR\n    echo \"error: The sandbox is not in sync with the Podfile.lock. Run 'pod install' or update your CocoaPods installation.\" >&2\n    exit 1\nfi\n";
			showEnvVarsInLog = 0;
		};
		A00E227C846210E153C1714A /* [CP] Copy Pods Resources */ = {
			isa = PBXShellScriptBuildPhase;
			buildActionMask = 2147483647;
			files = (
			);
			inputPaths = (
			);
			name = "[CP] Copy Pods Resources";
			outputPaths = (
			);
			runOnlyForDeploymentPostprocessing = 0;
			shellPath = /bin/sh;
			shellScript = "\"${SRCROOT}/Pods/Target Support Files/Pods-BookmarkUITests/Pods-BookmarkUITests-resources.sh\"\n";
			showEnvVarsInLog = 0;
		};
		AC21F3D944A5ACB1A8339023 /* [CP] Embed Pods Frameworks */ = {
			isa = PBXShellScriptBuildPhase;
			buildActionMask = 2147483647;
			files = (
			);
			inputPaths = (
			);
			name = "[CP] Embed Pods Frameworks";
			outputPaths = (
			);
			runOnlyForDeploymentPostprocessing = 0;
			shellPath = /bin/sh;
			shellScript = "\"${SRCROOT}/Pods/Target Support Files/Pods-BookmarkTests/Pods-BookmarkTests-frameworks.sh\"\n";
			showEnvVarsInLog = 0;
		};
		EFF5D5AE0D4159F8E947D193 /* [CP] Copy Pods Resources */ = {
			isa = PBXShellScriptBuildPhase;
			buildActionMask = 2147483647;
			files = (
			);
			inputPaths = (
			);
			name = "[CP] Copy Pods Resources";
			outputPaths = (
			);
			runOnlyForDeploymentPostprocessing = 0;
			shellPath = /bin/sh;
			shellScript = "\"${SRCROOT}/Pods/Target Support Files/Pods-BookmarkTests/Pods-BookmarkTests-resources.sh\"\n";
			showEnvVarsInLog = 0;
		};
/* End PBXShellScriptBuildPhase section */

/* Begin PBXSourcesBuildPhase section */
		84CF15601EAD9ED500C49414 /* Sources */ = {
			isa = PBXSourcesBuildPhase;
			buildActionMask = 2147483647;
			files = (
				4188DC741EB6751600D969B1 /* ListViewTableViewController.swift in Sources */,
				84CF15701EAD9ED500C49414 /* Bookmark.xcdatamodeld in Sources */,
				84AC5E6F1EBD2A4100930CEE /* MainTabBarController.swift in Sources */,
				2C53E1151EB7A6A900963D20 /* ProfileVC.swift in Sources */,
				35A674591EBD63B9002457B5 /* NYTTabBarController.swift in Sources */,
				2C53E1171EB7A6A900963D20 /* BrowseBookVC.swift in Sources */,
				2C53E10C1EB7A5BF00963D20 /* NYTUrl.swift in Sources */,
				84CF156A1EAD9ED500C49414 /* ViewController.swift in Sources */,
				4162AD801EB5114A00AA8D3B /* MyBookCollectiveView.swift in Sources */,
				2C9DD6771EB908BA00F7502C /* NYTBookFavoriteVC.swift in Sources */,
				2C53E1161EB7A6A900963D20 /* HomeVC.swift in Sources */,
				41119C831EB11483006D059B /* ProfileViewController.swift in Sources */,
				2C53E1101EB7A61300963D20 /* NYTBestSellerModel.swift in Sources */,
				4162AD841EB511EF00AA8D3B /* MyBookViewController.swift in Sources */,
				41CBAD1E1EB14D1E0032F573 /* ListViewTableView.swift in Sources */,
				41CBAD1A1EB14C070032F573 /* ListViewTableViewCell.swift in Sources */,
				2C53E10E1EB7A60500963D20 /* NYTBestSellerCV.swift in Sources */,
				2C9DD6791EB9098600F7502C /* NYTBookFavoriteCV.swift in Sources */,
				84CF15681EAD9ED500C49414 /* AppDelegate.swift in Sources */,
				84D183BE1EBEA43A003D3ABE /* FavoriteCategory+CoreDataProperties.swift in Sources */,
				2C53E1181EB7A6A900963D20 /* NYTBestSellerVC.swift in Sources */,
				8490C2EA1EB92664004A3390 /* EditFavoriteCategoriesViewController.swift in Sources */,
				84D183C21EBEA43A003D3ABE /* Profile+CoreDataProperties.swift in Sources */,
				84D183C01EBEA43A003D3ABE /* FavoriteBook+CoreDataProperties.swift in Sources */,
				350579941EBE5DA200C285B8 /* NYTCategory.swift in Sources */,
				4162AD821EB511AA00AA8D3B /* MyBookListView.swift in Sources */,
				8490C2EC1EB92C07004A3390 /* EditProfileViewController.swift in Sources */,
				84D183BF1EBEA43A003D3ABE /* FavoriteBook+CoreDataClass.swift in Sources */,
				84D183BD1EBEA43A003D3ABE /* FavoriteCategory+CoreDataClass.swift in Sources */,
				84D183C11EBEA43A003D3ABE /* Profile+CoreDataClass.swift in Sources */,
			);
			runOnlyForDeploymentPostprocessing = 0;
		};
		84CF15771EAD9ED500C49414 /* Sources */ = {
			isa = PBXSourcesBuildPhase;
			buildActionMask = 2147483647;
			files = (
				84CF15801EAD9ED500C49414 /* BookmarkTests.swift in Sources */,
			);
			runOnlyForDeploymentPostprocessing = 0;
		};
		84CF15821EAD9ED500C49414 /* Sources */ = {
			isa = PBXSourcesBuildPhase;
			buildActionMask = 2147483647;
			files = (
				84CF158B1EAD9ED500C49414 /* BookmarkUITests.swift in Sources */,
			);
			runOnlyForDeploymentPostprocessing = 0;
		};
/* End PBXSourcesBuildPhase section */

/* Begin PBXTargetDependency section */
		84CF157D1EAD9ED500C49414 /* PBXTargetDependency */ = {
			isa = PBXTargetDependency;
			target = 84CF15631EAD9ED500C49414 /* Bookmark */;
			targetProxy = 84CF157C1EAD9ED500C49414 /* PBXContainerItemProxy */;
		};
		84CF15881EAD9ED500C49414 /* PBXTargetDependency */ = {
			isa = PBXTargetDependency;
			target = 84CF15631EAD9ED500C49414 /* Bookmark */;
			targetProxy = 84CF15871EAD9ED500C49414 /* PBXContainerItemProxy */;
		};
/* End PBXTargetDependency section */

/* Begin PBXVariantGroup section */
		84CF156B1EAD9ED500C49414 /* Main.storyboard */ = {
			isa = PBXVariantGroup;
			children = (
				84CF156C1EAD9ED500C49414 /* Base */,
			);
			name = Main.storyboard;
			sourceTree = "<group>";
		};
		84CF15731EAD9ED500C49414 /* LaunchScreen.storyboard */ = {
			isa = PBXVariantGroup;
			children = (
				84CF15741EAD9ED500C49414 /* Base */,
			);
			name = LaunchScreen.storyboard;
			sourceTree = "<group>";
		};
/* End PBXVariantGroup section */

/* Begin XCBuildConfiguration section */
		84CF158D1EAD9ED500C49414 /* Debug */ = {
			isa = XCBuildConfiguration;
			buildSettings = {
				ALWAYS_SEARCH_USER_PATHS = NO;
				CLANG_ANALYZER_NONNULL = YES;
				CLANG_ANALYZER_NUMBER_OBJECT_CONVERSION = YES_AGGRESSIVE;
				CLANG_CXX_LANGUAGE_STANDARD = "gnu++0x";
				CLANG_CXX_LIBRARY = "libc++";
				CLANG_ENABLE_MODULES = YES;
				CLANG_ENABLE_OBJC_ARC = YES;
				CLANG_WARN_BOOL_CONVERSION = YES;
				CLANG_WARN_CONSTANT_CONVERSION = YES;
				CLANG_WARN_DIRECT_OBJC_ISA_USAGE = YES_ERROR;
				CLANG_WARN_DOCUMENTATION_COMMENTS = YES;
				CLANG_WARN_EMPTY_BODY = YES;
				CLANG_WARN_ENUM_CONVERSION = YES;
				CLANG_WARN_INFINITE_RECURSION = YES;
				CLANG_WARN_INT_CONVERSION = YES;
				CLANG_WARN_OBJC_ROOT_CLASS = YES_ERROR;
				CLANG_WARN_SUSPICIOUS_MOVE = YES;
				CLANG_WARN_UNREACHABLE_CODE = YES;
				CLANG_WARN__DUPLICATE_METHOD_MATCH = YES;
				"CODE_SIGN_IDENTITY[sdk=iphoneos*]" = "iPhone Developer";
				COPY_PHASE_STRIP = NO;
				DEBUG_INFORMATION_FORMAT = dwarf;
				ENABLE_STRICT_OBJC_MSGSEND = YES;
				ENABLE_TESTABILITY = YES;
				GCC_C_LANGUAGE_STANDARD = gnu99;
				GCC_DYNAMIC_NO_PIC = NO;
				GCC_NO_COMMON_BLOCKS = YES;
				GCC_OPTIMIZATION_LEVEL = 0;
				GCC_PREPROCESSOR_DEFINITIONS = (
					"DEBUG=1",
					"$(inherited)",
				);
				GCC_WARN_64_TO_32_BIT_CONVERSION = YES;
				GCC_WARN_ABOUT_RETURN_TYPE = YES_ERROR;
				GCC_WARN_UNDECLARED_SELECTOR = YES;
				GCC_WARN_UNINITIALIZED_AUTOS = YES_AGGRESSIVE;
				GCC_WARN_UNUSED_FUNCTION = YES;
				GCC_WARN_UNUSED_VARIABLE = YES;
				IPHONEOS_DEPLOYMENT_TARGET = 10.3;
				MTL_ENABLE_DEBUG_INFO = YES;
				ONLY_ACTIVE_ARCH = YES;
				SDKROOT = iphoneos;
				SWIFT_ACTIVE_COMPILATION_CONDITIONS = DEBUG;
				SWIFT_OPTIMIZATION_LEVEL = "-Onone";
				TARGETED_DEVICE_FAMILY = "1,2";
			};
			name = Debug;
		};
		84CF158E1EAD9ED500C49414 /* Release */ = {
			isa = XCBuildConfiguration;
			buildSettings = {
				ALWAYS_SEARCH_USER_PATHS = NO;
				CLANG_ANALYZER_NONNULL = YES;
				CLANG_ANALYZER_NUMBER_OBJECT_CONVERSION = YES_AGGRESSIVE;
				CLANG_CXX_LANGUAGE_STANDARD = "gnu++0x";
				CLANG_CXX_LIBRARY = "libc++";
				CLANG_ENABLE_MODULES = YES;
				CLANG_ENABLE_OBJC_ARC = YES;
				CLANG_WARN_BOOL_CONVERSION = YES;
				CLANG_WARN_CONSTANT_CONVERSION = YES;
				CLANG_WARN_DIRECT_OBJC_ISA_USAGE = YES_ERROR;
				CLANG_WARN_DOCUMENTATION_COMMENTS = YES;
				CLANG_WARN_EMPTY_BODY = YES;
				CLANG_WARN_ENUM_CONVERSION = YES;
				CLANG_WARN_INFINITE_RECURSION = YES;
				CLANG_WARN_INT_CONVERSION = YES;
				CLANG_WARN_OBJC_ROOT_CLASS = YES_ERROR;
				CLANG_WARN_SUSPICIOUS_MOVE = YES;
				CLANG_WARN_UNREACHABLE_CODE = YES;
				CLANG_WARN__DUPLICATE_METHOD_MATCH = YES;
				"CODE_SIGN_IDENTITY[sdk=iphoneos*]" = "iPhone Developer";
				COPY_PHASE_STRIP = NO;
				DEBUG_INFORMATION_FORMAT = "dwarf-with-dsym";
				ENABLE_NS_ASSERTIONS = NO;
				ENABLE_STRICT_OBJC_MSGSEND = YES;
				GCC_C_LANGUAGE_STANDARD = gnu99;
				GCC_NO_COMMON_BLOCKS = YES;
				GCC_WARN_64_TO_32_BIT_CONVERSION = YES;
				GCC_WARN_ABOUT_RETURN_TYPE = YES_ERROR;
				GCC_WARN_UNDECLARED_SELECTOR = YES;
				GCC_WARN_UNINITIALIZED_AUTOS = YES_AGGRESSIVE;
				GCC_WARN_UNUSED_FUNCTION = YES;
				GCC_WARN_UNUSED_VARIABLE = YES;
				IPHONEOS_DEPLOYMENT_TARGET = 10.3;
				MTL_ENABLE_DEBUG_INFO = NO;
				SDKROOT = iphoneos;
				SWIFT_OPTIMIZATION_LEVEL = "-Owholemodule";
				TARGETED_DEVICE_FAMILY = "1,2";
				VALIDATE_PRODUCT = YES;
			};
			name = Release;
		};
		84CF15901EAD9ED500C49414 /* Debug */ = {
			isa = XCBuildConfiguration;
			buildSettings = {
				ASSETCATALOG_COMPILER_APPICON_NAME = AppIcon;
				INFOPLIST_FILE = Bookmark/Info.plist;
				LD_RUNPATH_SEARCH_PATHS = "$(inherited) @executable_path/Frameworks";
				PRODUCT_BUNDLE_IDENTIFIER = com.bobbyfink.Bookmark;
				PRODUCT_NAME = "$(TARGET_NAME)";
				SWIFT_VERSION = 3.0;
			};
			name = Debug;
		};
		84CF15911EAD9ED500C49414 /* Release */ = {
			isa = XCBuildConfiguration;
			buildSettings = {
				ASSETCATALOG_COMPILER_APPICON_NAME = AppIcon;
				INFOPLIST_FILE = Bookmark/Info.plist;
				LD_RUNPATH_SEARCH_PATHS = "$(inherited) @executable_path/Frameworks";
				PRODUCT_BUNDLE_IDENTIFIER = com.bobbyfink.Bookmark;
				PRODUCT_NAME = "$(TARGET_NAME)";
				SWIFT_VERSION = 3.0;
			};
			name = Release;
		};
		84CF15931EAD9ED500C49414 /* Debug */ = {
			isa = XCBuildConfiguration;
			buildSettings = {
				ALWAYS_EMBED_SWIFT_STANDARD_LIBRARIES = YES;
				BUNDLE_LOADER = "$(TEST_HOST)";
				INFOPLIST_FILE = BookmarkTests/Info.plist;
				LD_RUNPATH_SEARCH_PATHS = "$(inherited) @executable_path/Frameworks @loader_path/Frameworks";
				PRODUCT_BUNDLE_IDENTIFIER = com.bobbyfink.BookmarkTests;
				PRODUCT_NAME = "$(TARGET_NAME)";
				SWIFT_VERSION = 3.0;
				TEST_HOST = "$(BUILT_PRODUCTS_DIR)/Bookmark.app/Bookmark";
			};
			name = Debug;
		};
		84CF15941EAD9ED500C49414 /* Release */ = {
			isa = XCBuildConfiguration;
			buildSettings = {
				ALWAYS_EMBED_SWIFT_STANDARD_LIBRARIES = YES;
				BUNDLE_LOADER = "$(TEST_HOST)";
				INFOPLIST_FILE = BookmarkTests/Info.plist;
				LD_RUNPATH_SEARCH_PATHS = "$(inherited) @executable_path/Frameworks @loader_path/Frameworks";
				PRODUCT_BUNDLE_IDENTIFIER = com.bobbyfink.BookmarkTests;
				PRODUCT_NAME = "$(TARGET_NAME)";
				SWIFT_VERSION = 3.0;
				TEST_HOST = "$(BUILT_PRODUCTS_DIR)/Bookmark.app/Bookmark";
			};
			name = Release;
		};
		84CF15961EAD9ED500C49414 /* Debug */ = {
			isa = XCBuildConfiguration;
			buildSettings = {
				ALWAYS_EMBED_SWIFT_STANDARD_LIBRARIES = YES;
				INFOPLIST_FILE = BookmarkUITests/Info.plist;
				LD_RUNPATH_SEARCH_PATHS = "$(inherited) @executable_path/Frameworks @loader_path/Frameworks";
				PRODUCT_BUNDLE_IDENTIFIER = com.bobbyfink.BookmarkUITests;
				PRODUCT_NAME = "$(TARGET_NAME)";
				SWIFT_VERSION = 3.0;
				TEST_TARGET_NAME = Bookmark;
			};
			name = Debug;
		};
		84CF15971EAD9ED500C49414 /* Release */ = {
			isa = XCBuildConfiguration;
			buildSettings = {
				ALWAYS_EMBED_SWIFT_STANDARD_LIBRARIES = YES;
				INFOPLIST_FILE = BookmarkUITests/Info.plist;
				LD_RUNPATH_SEARCH_PATHS = "$(inherited) @executable_path/Frameworks @loader_path/Frameworks";
				PRODUCT_BUNDLE_IDENTIFIER = com.bobbyfink.BookmarkUITests;
				PRODUCT_NAME = "$(TARGET_NAME)";
				SWIFT_VERSION = 3.0;
				TEST_TARGET_NAME = Bookmark;
			};
			name = Release;
		};
/* End XCBuildConfiguration section */

/* Begin XCConfigurationList section */
		84CF155F1EAD9ED500C49414 /* Build configuration list for PBXProject "Bookmark" */ = {
			isa = XCConfigurationList;
			buildConfigurations = (
				84CF158D1EAD9ED500C49414 /* Debug */,
				84CF158E1EAD9ED500C49414 /* Release */,
			);
			defaultConfigurationIsVisible = 0;
			defaultConfigurationName = Release;
		};
		84CF158F1EAD9ED500C49414 /* Build configuration list for PBXNativeTarget "Bookmark" */ = {
			isa = XCConfigurationList;
			buildConfigurations = (
				84CF15901EAD9ED500C49414 /* Debug */,
				84CF15911EAD9ED500C49414 /* Release */,
			);
			defaultConfigurationIsVisible = 0;
			defaultConfigurationName = Release;
		};
		84CF15921EAD9ED500C49414 /* Build configuration list for PBXNativeTarget "BookmarkTests" */ = {
			isa = XCConfigurationList;
			buildConfigurations = (
				84CF15931EAD9ED500C49414 /* Debug */,
				84CF15941EAD9ED500C49414 /* Release */,
			);
			defaultConfigurationIsVisible = 0;
			defaultConfigurationName = Release;
		};
		84CF15951EAD9ED500C49414 /* Build configuration list for PBXNativeTarget "BookmarkUITests" */ = {
			isa = XCConfigurationList;
			buildConfigurations = (
				84CF15961EAD9ED500C49414 /* Debug */,
				84CF15971EAD9ED500C49414 /* Release */,
			);
			defaultConfigurationIsVisible = 0;
			defaultConfigurationName = Release;
		};
/* End XCConfigurationList section */

/* Begin XCVersionGroup section */
		84CF156E1EAD9ED500C49414 /* Bookmark.xcdatamodeld */ = {
			isa = XCVersionGroup;
			children = (
				84CF156F1EAD9ED500C49414 /* Bookmark.xcdatamodel */,
			);
			currentVersion = 84CF156F1EAD9ED500C49414 /* Bookmark.xcdatamodel */;
			name = Bookmark.xcdatamodeld;
			path = Bookmark/Bookmark.xcdatamodeld;
			sourceTree = "<group>";
			versionGroupType = wrapper.xcdatamodel;
		};
/* End XCVersionGroup section */
	};
	rootObject = 84CF155C1EAD9ED500C49414 /* Project object */;
}
